
Microsoft Visual Studio Solution File, Format Version 12.00
# Visual Studio Version 17
VisualStudioVersion = 17.3.32825.248
MinimumVisualStudioVersion = 10.0.40219.1
Project("{FAE04EC0-301F-11D3-BF4B-00C04F79EFBC}") = "TestProject1", "TestProject1\TestProject1.csproj", "{DE1DC926-D196-45EF-BDDB-67433A464DA6}"
EndProject
Project("{FAE04EC0-301F-11D3-BF4B-00C04F79EFBC}") = "ClassLibrary1", "ClassLibrary1\ClassLibrary1.csproj", "{90C8792B-E5D0-4813-AE5C-16096A93950E}"
EndProject
Global
	GlobalSection(SolutionConfigurationPlatforms) = preSolution
		Debug|Any CPU = Debug|Any CPU
		Release|Any CPU = Release|Any CPU
	EndGlobalSection
	GlobalSection(ProjectConfigurationPlatforms) = postSolution
		{DE1DC926-D196-45EF-BDDB-67433A464DA6}.Debug|Any CPU.ActiveCfg = Debug|Any CPU
		{DE1DC926-D196-45EF-BDDB-67433A464DA6}.Debug|Any CPU.Build.0 = Debug|Any CPU
		{DE1DC926-D196-45EF-BDDB-67433A464DA6}.Release|Any CPU.ActiveCfg = Release|Any CPU
		{DE1DC926-D196-45EF-BDDB-67433A464DA6}.Release|Any CPU.Build.0 = Release|Any CPU
		{90C8792B-E5D0-4813-AE5C-16096A93950E}.Debug|Any CPU.ActiveCfg = Debug|Any CPU
		{90C8792B-E5D0-4813-AE5C-16096A93950E}.Debug|Any CPU.Build.0 = Debug|Any CPU
		{90C8792B-E5D0-4813-AE5C-16096A93950E}.Release|Any CPU.ActiveCfg = Release|Any CPU
		{90C8792B-E5D0-4813-AE5C-16096A93950E}.Release|Any CPU.Build.0 = Release|Any CPU
	EndGlobalSection
	GlobalSection(SolutionProperties) = preSolution
		HideSolutionNode = FALSE
	EndGlobalSection
	GlobalSection(ExtensibilityGlobals) = postSolution
		SolutionGuid = {8D83D608-E7A6-4FF1-8209-056DA00D7396}
	EndGlobalSection
EndGlobal
